
Microsoft Visual Studio Solution File, Format Version 12.00
# Visual Studio Version 17
VisualStudioVersion = 17.11.35219.272
MinimumVisualStudioVersion = 10.0.40219.1
Project("{FAE04EC0-301F-11D3-BF4B-00C04F79EFBC}") = "PlyParser", "PlyParser\PlyParser.csproj", "{00E8FC78-A3EB-47DB-ADF6-0008AF34644B}"
EndProject
Global
	GlobalSection(SolutionConfigurationPlatforms) = preSolution
		Debug|Any CPU = Debug|Any CPU
		Release|Any CPU = Release|Any CPU
	EndGlobalSection
	GlobalSection(ProjectConfigurationPlatforms) = postSolution
		{00E8FC78-A3EB-47DB-ADF6-0008AF34644B}.Debug|Any CPU.ActiveCfg = Debug|Any CPU
		{00E8FC78-A3EB-47DB-ADF6-0008AF34644B}.Debug|Any CPU.Build.0 = Debug|Any CPU
		{00E8FC78-A3EB-47DB-ADF6-0008AF34644B}.Release|Any CPU.ActiveCfg = Release|Any CPU
		{00E8FC78-A3EB-47DB-ADF6-0008AF34644B}.Release|Any CPU.Build.0 = Release|Any CPU
	EndGlobalSection
	GlobalSection(SolutionProperties) = preSolution
		HideSolutionNode = FALSE
	EndGlobalSection
	GlobalSection(ExtensibilityGlobals) = postSolution
		SolutionGuid = {2CC2363E-3C7F-4D98-8598-A2B4D3B89632}
	EndGlobalSection
EndGlobal
